// !$*UTF8*$!
{
	archiveVersion = 1;
	classes = {
	};
	objectVersion = 50;
	objects = {

/* Begin PBXBuildFile section */
		3799460F21A277D6009EE3F1 /* AppDelegate.swift in Sources */ = {isa = PBXBuildFile; fileRef = 3799460E21A277D6009EE3F1 /* AppDelegate.swift */; };
		3799461121A277D6009EE3F1 /* MainMenuTableViewController.swift in Sources */ = {isa = PBXBuildFile; fileRef = 3799461021A277D6009EE3F1 /* MainMenuTableViewController.swift */; };
		3799461421A277D6009EE3F1 /* Main.storyboard in Resources */ = {isa = PBXBuildFile; fileRef = 3799461221A277D6009EE3F1 /* Main.storyboard */; };
		3799461721A277D6009EE3F1 /* Arcana.xcdatamodeld in Sources */ = {isa = PBXBuildFile; fileRef = 3799461521A277D6009EE3F1 /* Arcana.xcdatamodeld */; };
		3799461921A277D6009EE3F1 /* Assets.xcassets in Resources */ = {isa = PBXBuildFile; fileRef = 3799461821A277D6009EE3F1 /* Assets.xcassets */; };
		3799461C21A277D6009EE3F1 /* LaunchScreen.storyboard in Resources */ = {isa = PBXBuildFile; fileRef = 3799461A21A277D6009EE3F1 /* LaunchScreen.storyboard */; };
		3799462621A27BA7009EE3F1 /* CharacterDetailViewController.swift in Sources */ = {isa = PBXBuildFile; fileRef = 3799462521A27BA7009EE3F1 /* CharacterDetailViewController.swift */; };
		3799462821A27D02009EE3F1 /* MainMenuTableViewCell.swift in Sources */ = {isa = PBXBuildFile; fileRef = 3799462721A27D02009EE3F1 /* MainMenuTableViewCell.swift */; };
		3799462A21A27D80009EE3F1 /* AddCharacterViewController.swift in Sources */ = {isa = PBXBuildFile; fileRef = 3799462921A27D80009EE3F1 /* AddCharacterViewController.swift */; };
		379D908121C0B28C004303E7 /* RollViewController.swift in Sources */ = {isa = PBXBuildFile; fileRef = 379D908021C0B28C004303E7 /* RollViewController.swift */; };
		801B0CD321B6FE380053DEDD /* ProfficencyCell.swift in Sources */ = {isa = PBXBuildFile; fileRef = 801B0CD221B6FE380053DEDD /* ProfficencyCell.swift */; };
		80DE926921BF39B500DE019A /* Skill+CoreDataClass.swift in Sources */ = {isa = PBXBuildFile; fileRef = 80DE926721BF39B500DE019A /* Skill+CoreDataClass.swift */; };
		80DE926A21BF39B500DE019A /* Skill+CoreDataProperties.swift in Sources */ = {isa = PBXBuildFile; fileRef = 80DE926821BF39B500DE019A /* Skill+CoreDataProperties.swift */; };
		80DE926C21BF40AB00DE019A /* NewProfficencyCell.swift in Sources */ = {isa = PBXBuildFile; fileRef = 80DE926B21BF40AB00DE019A /* NewProfficencyCell.swift */; };
		80DE926F21BFA2EC00DE019A /* Character+CoreDataClass.swift in Sources */ = {isa = PBXBuildFile; fileRef = 80DE926D21BFA2EC00DE019A /* Character+CoreDataClass.swift */; };
		80DE927021BFA2EC00DE019A /* Character+CoreDataProperties.swift in Sources */ = {isa = PBXBuildFile; fileRef = 80DE926E21BFA2EC00DE019A /* Character+CoreDataProperties.swift */; };
/* End PBXBuildFile section */

/* Begin PBXFileReference section */
		3799460B21A277D6009EE3F1 /* Arcana.app */ = {isa = PBXFileReference; explicitFileType = wrapper.application; includeInIndex = 0; path = Arcana.app; sourceTree = BUILT_PRODUCTS_DIR; };
		3799460E21A277D6009EE3F1 /* AppDelegate.swift */ = {isa = PBXFileReference; lastKnownFileType = sourcecode.swift; path = AppDelegate.swift; sourceTree = "<group>"; };
		3799461021A277D6009EE3F1 /* MainMenuTableViewController.swift */ = {isa = PBXFileReference; lastKnownFileType = sourcecode.swift; path = MainMenuTableViewController.swift; sourceTree = "<group>"; };
		3799461321A277D6009EE3F1 /* Base */ = {isa = PBXFileReference; lastKnownFileType = file.storyboard; name = Base; path = Base.lproj/Main.storyboard; sourceTree = "<group>"; };
		3799461621A277D6009EE3F1 /* Arcana.xcdatamodel */ = {isa = PBXFileReference; lastKnownFileType = wrapper.xcdatamodel; path = Arcana.xcdatamodel; sourceTree = "<group>"; };
		3799461821A277D6009EE3F1 /* Assets.xcassets */ = {isa = PBXFileReference; lastKnownFileType = folder.assetcatalog; path = Assets.xcassets; sourceTree = "<group>"; };
		3799461B21A277D6009EE3F1 /* Base */ = {isa = PBXFileReference; lastKnownFileType = file.storyboard; name = Base; path = Base.lproj/LaunchScreen.storyboard; sourceTree = "<group>"; };
		3799461D21A277D6009EE3F1 /* Info.plist */ = {isa = PBXFileReference; lastKnownFileType = text.plist.xml; path = Info.plist; sourceTree = "<group>"; };
		3799462521A27BA7009EE3F1 /* CharacterDetailViewController.swift */ = {isa = PBXFileReference; lastKnownFileType = sourcecode.swift; name = CharacterDetailViewController.swift; path = ../CharacterDetailViewController.swift; sourceTree = "<group>"; };
		3799462721A27D02009EE3F1 /* MainMenuTableViewCell.swift */ = {isa = PBXFileReference; lastKnownFileType = sourcecode.swift; path = MainMenuTableViewCell.swift; sourceTree = "<group>"; };
		3799462921A27D80009EE3F1 /* AddCharacterViewController.swift */ = {isa = PBXFileReference; lastKnownFileType = sourcecode.swift; path = AddCharacterViewController.swift; sourceTree = "<group>"; };
		379D908021C0B28C004303E7 /* RollViewController.swift */ = {isa = PBXFileReference; lastKnownFileType = sourcecode.swift; path = RollViewController.swift; sourceTree = "<group>"; };
		801B0CD221B6FE380053DEDD /* ProfficencyCell.swift */ = {isa = PBXFileReference; lastKnownFileType = sourcecode.swift; path = ProfficencyCell.swift; sourceTree = "<group>"; };
		80DE926721BF39B500DE019A /* Skill+CoreDataClass.swift */ = {isa = PBXFileReference; lastKnownFileType = sourcecode.swift; path = "Skill+CoreDataClass.swift"; sourceTree = "<group>"; };
		80DE926821BF39B500DE019A /* Skill+CoreDataProperties.swift */ = {isa = PBXFileReference; lastKnownFileType = sourcecode.swift; path = "Skill+CoreDataProperties.swift"; sourceTree = "<group>"; };
		80DE926B21BF40AB00DE019A /* NewProfficencyCell.swift */ = {isa = PBXFileReference; lastKnownFileType = sourcecode.swift; path = NewProfficencyCell.swift; sourceTree = "<group>"; };
		80DE926D21BFA2EC00DE019A /* Character+CoreDataClass.swift */ = {isa = PBXFileReference; lastKnownFileType = sourcecode.swift; path = "Character+CoreDataClass.swift"; sourceTree = "<group>"; };
		80DE926E21BFA2EC00DE019A /* Character+CoreDataProperties.swift */ = {isa = PBXFileReference; lastKnownFileType = sourcecode.swift; path = "Character+CoreDataProperties.swift"; sourceTree = "<group>"; };
/* End PBXFileReference section */

/* Begin PBXFrameworksBuildPhase section */
		3799460821A277D6009EE3F1 /* Frameworks */ = {
			isa = PBXFrameworksBuildPhase;
			buildActionMask = 2147483647;
			files = (
			);
			runOnlyForDeploymentPostprocessing = 0;
		};
/* End PBXFrameworksBuildPhase section */

/* Begin PBXGroup section */
		3799460221A277D6009EE3F1 = {
			isa = PBXGroup;
			children = (
				3799460D21A277D6009EE3F1 /* Arcana */,
				3799460C21A277D6009EE3F1 /* Products */,
			);
			sourceTree = "<group>";
		};
		3799460C21A277D6009EE3F1 /* Products */ = {
			isa = PBXGroup;
			children = (
				3799460B21A277D6009EE3F1 /* Arcana.app */,
			);
			name = Products;
			sourceTree = "<group>";
		};
		3799460D21A277D6009EE3F1 /* Arcana */ = {
			isa = PBXGroup;
			children = (
				80DE926D21BFA2EC00DE019A /* Character+CoreDataClass.swift */,
				80DE926E21BFA2EC00DE019A /* Character+CoreDataProperties.swift */,
				80DE926721BF39B500DE019A /* Skill+CoreDataClass.swift */,
				80DE926821BF39B500DE019A /* Skill+CoreDataProperties.swift */,
				3799460E21A277D6009EE3F1 /* AppDelegate.swift */,
				3799461021A277D6009EE3F1 /* MainMenuTableViewController.swift */,
				3799462721A27D02009EE3F1 /* MainMenuTableViewCell.swift */,
				3799462521A27BA7009EE3F1 /* CharacterDetailViewController.swift */,
				3799462921A27D80009EE3F1 /* AddCharacterViewController.swift */,
				801B0CD221B6FE380053DEDD /* ProfficencyCell.swift */,
				80DE926B21BF40AB00DE019A /* NewProfficencyCell.swift */,
				3799461221A277D6009EE3F1 /* Main.storyboard */,
				379D908021C0B28C004303E7 /* RollViewController.swift */,
				3799461821A277D6009EE3F1 /* Assets.xcassets */,
				3799461A21A277D6009EE3F1 /* LaunchScreen.storyboard */,
				3799461D21A277D6009EE3F1 /* Info.plist */,
				3799461521A277D6009EE3F1 /* Arcana.xcdatamodeld */,
			);
			path = Arcana;
			sourceTree = "<group>";
		};
/* End PBXGroup section */

/* Begin PBXNativeTarget section */
		3799460A21A277D6009EE3F1 /* Arcana */ = {
			isa = PBXNativeTarget;
			buildConfigurationList = 3799462021A277D6009EE3F1 /* Build configuration list for PBXNativeTarget "Arcana" */;
			buildPhases = (
				3799460721A277D6009EE3F1 /* Sources */,
				3799460821A277D6009EE3F1 /* Frameworks */,
				3799460921A277D6009EE3F1 /* Resources */,
			);
			buildRules = (
			);
			dependencies = (
			);
			name = Arcana;
			productName = Arcana;
			productReference = 3799460B21A277D6009EE3F1 /* Arcana.app */;
			productType = "com.apple.product-type.application";
		};
/* End PBXNativeTarget section */

/* Begin PBXProject section */
		3799460321A277D6009EE3F1 /* Project object */ = {
			isa = PBXProject;
			attributes = {
				LastSwiftUpdateCheck = 1000;
				LastUpgradeCheck = 1000;
				ORGANIZATIONNAME = "Reid, Jon Carl";
				TargetAttributes = {
					3799460A21A277D6009EE3F1 = {
						CreatedOnToolsVersion = 10.0;
					};
				};
			};
			buildConfigurationList = 3799460621A277D6009EE3F1 /* Build configuration list for PBXProject "Arcana" */;
			compatibilityVersion = "Xcode 9.3";
			developmentRegion = en;
			hasScannedForEncodings = 0;
			knownRegions = (
				en,
				Base,
			);
			mainGroup = 3799460221A277D6009EE3F1;
			productRefGroup = 3799460C21A277D6009EE3F1 /* Products */;
			projectDirPath = "";
			projectRoot = "";
			targets = (
				3799460A21A277D6009EE3F1 /* Arcana */,
			);
		};
/* End PBXProject section */

/* Begin PBXResourcesBuildPhase section */
		3799460921A277D6009EE3F1 /* Resources */ = {
			isa = PBXResourcesBuildPhase;
			buildActionMask = 2147483647;
			files = (
				3799461C21A277D6009EE3F1 /* LaunchScreen.storyboard in Resources */,
				3799461921A277D6009EE3F1 /* Assets.xcassets in Resources */,
				3799461421A277D6009EE3F1 /* Main.storyboard in Resources */,
			);
			runOnlyForDeploymentPostprocessing = 0;
		};
/* End PBXResourcesBuildPhase section */

/* Begin PBXSourcesBuildPhase section */
		3799460721A277D6009EE3F1 /* Sources */ = {
			isa = PBXSourcesBuildPhase;
			buildActionMask = 2147483647;
			files = (
				801B0CD321B6FE380053DEDD /* ProfficencyCell.swift in Sources */,
				80DE926C21BF40AB00DE019A /* NewProfficencyCell.swift in Sources */,
				80DE926F21BFA2EC00DE019A /* Character+CoreDataClass.swift in Sources */,
				3799462A21A27D80009EE3F1 /* AddCharacterViewController.swift in Sources */,
				80DE926921BF39B500DE019A /* Skill+CoreDataClass.swift in Sources */,
				80DE927021BFA2EC00DE019A /* Character+CoreDataProperties.swift in Sources */,
				3799461121A277D6009EE3F1 /* MainMenuTableViewController.swift in Sources */,
				379D908121C0B28C004303E7 /* RollViewController.swift in Sources */,
				3799462621A27BA7009EE3F1 /* CharacterDetailViewController.swift in Sources */,
				80DE926A21BF39B500DE019A /* Skill+CoreDataProperties.swift in Sources */,
				3799460F21A277D6009EE3F1 /* AppDelegate.swift in Sources */,
				3799462821A27D02009EE3F1 /* MainMenuTableViewCell.swift in Sources */,
				3799461721A277D6009EE3F1 /* Arcana.xcdatamodeld in Sources */,
			);
			runOnlyForDeploymentPostprocessing = 0;
		};
/* End PBXSourcesBuildPhase section */

/* Begin PBXVariantGroup section */
		3799461221A277D6009EE3F1 /* Main.storyboard */ = {
			isa = PBXVariantGroup;
			children = (
				3799461321A277D6009EE3F1 /* Base */,
			);
			name = Main.storyboard;
			sourceTree = "<group>";
		};
		3799461A21A277D6009EE3F1 /* LaunchScreen.storyboard */ = {
			isa = PBXVariantGroup;
			children = (
				3799461B21A277D6009EE3F1 /* Base */,
			);
			name = LaunchScreen.storyboard;
			sourceTree = "<group>";
		};
/* End PBXVariantGroup section */

/* Begin XCBuildConfiguration section */
		3799461E21A277D6009EE3F1 /* Debug */ = {
			isa = XCBuildConfiguration;
			buildSettings = {
				ALWAYS_SEARCH_USER_PATHS = NO;
				CLANG_ANALYZER_NONNULL = YES;
				CLANG_ANALYZER_NUMBER_OBJECT_CONVERSION = YES_AGGRESSIVE;
				CLANG_CXX_LANGUAGE_STANDARD = "gnu++14";
				CLANG_CXX_LIBRARY = "libc++";
				CLANG_ENABLE_MODULES = YES;
				CLANG_ENABLE_OBJC_ARC = YES;
				CLANG_ENABLE_OBJC_WEAK = YES;
				CLANG_WARN_BLOCK_CAPTURE_AUTORELEASING = YES;
				CLANG_WARN_BOOL_CONVERSION = YES;
				CLANG_WARN_COMMA = YES;
				CLANG_WARN_CONSTANT_CONVERSION = YES;
				CLANG_WARN_DEPRECATED_OBJC_IMPLEMENTATIONS = YES;
				CLANG_WARN_DIRECT_OBJC_ISA_USAGE = YES_ERROR;
				CLANG_WARN_DOCUMENTATION_COMMENTS = YES;
				CLANG_WARN_EMPTY_BODY = YES;
				CLANG_WARN_ENUM_CONVERSION = YES;
				CLANG_WARN_INFINITE_RECURSION = YES;
				CLANG_WARN_INT_CONVERSION = YES;
				CLANG_WARN_NON_LITERAL_NULL_CONVERSION = YES;
				CLANG_WARN_OBJC_IMPLICIT_RETAIN_SELF = YES;
				CLANG_WARN_OBJC_LITERAL_CONVERSION = YES;
				CLANG_WARN_OBJC_ROOT_CLASS = YES_ERROR;
				CLANG_WARN_RANGE_LOOP_ANALYSIS = YES;
				CLANG_WARN_STRICT_PROTOTYPES = YES;
				CLANG_WARN_SUSPICIOUS_MOVE = YES;
				CLANG_WARN_UNGUARDED_AVAILABILITY = YES_AGGRESSIVE;
				CLANG_WARN_UNREACHABLE_CODE = YES;
				CLANG_WARN__DUPLICATE_METHOD_MATCH = YES;
				CODE_SIGN_IDENTITY = "iPhone Developer";
				COPY_PHASE_STRIP = NO;
				DEBUG_INFORMATION_FORMAT = dwarf;
				ENABLE_STRICT_OBJC_MSGSEND = YES;
				ENABLE_TESTABILITY = YES;
				GCC_C_LANGUAGE_STANDARD = gnu11;
				GCC_DYNAMIC_NO_PIC = NO;
				GCC_NO_COMMON_BLOCKS = YES;
				GCC_OPTIMIZATION_LEVEL = 0;
				GCC_PREPROCESSOR_DEFINITIONS = (
					"DEBUG=1",
					"$(inherited)",
				);
				GCC_WARN_64_TO_32_BIT_CONVERSION = YES;
				GCC_WARN_ABOUT_RETURN_TYPE = YES_ERROR;
				GCC_WARN_UNDECLARED_SELECTOR = YES;
				GCC_WARN_UNINITIALIZED_AUTOS = YES_AGGRESSIVE;
				GCC_WARN_UNUSED_FUNCTION = YES;
				GCC_WARN_UNUSED_VARIABLE = YES;
				IPHONEOS_DEPLOYMENT_TARGET = 12.0;
				MTL_ENABLE_DEBUG_INFO = INCLUDE_SOURCE;
				MTL_FAST_MATH = YES;
				ONLY_ACTIVE_ARCH = YES;
				SDKROOT = iphoneos;
				SWIFT_ACTIVE_COMPILATION_CONDITIONS = DEBUG;
				SWIFT_OPTIMIZATION_LEVEL = "-Onone";
			};
			name = Debug;
		};
		3799461F21A277D6009EE3F1 /* Release */ = {
			isa = XCBuildConfiguration;
			buildSettings = {
				ALWAYS_SEARCH_USER_PATHS = NO;
				CLANG_ANALYZER_NONNULL = YES;
				CLANG_ANALYZER_NUMBER_OBJECT_CONVERSION = YES_AGGRESSIVE;
				CLANG_CXX_LANGUAGE_STANDARD = "gnu++14";
				CLANG_CXX_LIBRARY = "libc++";
				CLANG_ENABLE_MODULES = YES;
				CLANG_ENABLE_OBJC_ARC = YES;
				CLANG_ENABLE_OBJC_WEAK = YES;
				CLANG_WARN_BLOCK_CAPTURE_AUTORELEASING = YES;
				CLANG_WARN_BOOL_CONVERSION = YES;
				CLANG_WARN_COMMA = YES;
				CLANG_WARN_CONSTANT_CONVERSION = YES;
				CLANG_WARN_DEPRECATED_OBJC_IMPLEMENTATIONS = YES;
				CLANG_WARN_DIRECT_OBJC_ISA_USAGE = YES_ERROR;
				CLANG_WARN_DOCUMENTATION_COMMENTS = YES;
				CLANG_WARN_EMPTY_BODY = YES;
				CLANG_WARN_ENUM_CONVERSION = YES;
				CLANG_WARN_INFINITE_RECURSION = YES;
				CLANG_WARN_INT_CONVERSION = YES;
				CLANG_WARN_NON_LITERAL_NULL_CONVERSION = YES;
				CLANG_WARN_OBJC_IMPLICIT_RETAIN_SELF = YES;
				CLANG_WARN_OBJC_LITERAL_CONVERSION = YES;
				CLANG_WARN_OBJC_ROOT_CLASS = YES_ERROR;
				CLANG_WARN_RANGE_LOOP_ANALYSIS = YES;
				CLANG_WARN_STRICT_PROTOTYPES = YES;
				CLANG_WARN_SUSPICIOUS_MOVE = YES;
				CLANG_WARN_UNGUARDED_AVAILABILITY = YES_AGGRESSIVE;
				CLANG_WARN_UNREACHABLE_CODE = YES;
				CLANG_WARN__DUPLICATE_METHOD_MATCH = YES;
				CODE_SIGN_IDENTITY = "iPhone Developer";
				COPY_PHASE_STRIP = NO;
				DEBUG_INFORMATION_FORMAT = "dwarf-with-dsym";
				ENABLE_NS_ASSERTIONS = NO;
				ENABLE_STRICT_OBJC_MSGSEND = YES;
				GCC_C_LANGUAGE_STANDARD = gnu11;
				GCC_NO_COMMON_BLOCKS = YES;
				GCC_WARN_64_TO_32_BIT_CONVERSION = YES;
				GCC_WARN_ABOUT_RETURN_TYPE = YES_ERROR;
				GCC_WARN_UNDECLARED_SELECTOR = YES;
				GCC_WARN_UNINITIALIZED_AUTOS = YES_AGGRESSIVE;
				GCC_WARN_UNUSED_FUNCTION = YES;
				GCC_WARN_UNUSED_VARIABLE = YES;
				IPHONEOS_DEPLOYMENT_TARGET = 12.0;
				MTL_ENABLE_DEBUG_INFO = NO;
				MTL_FAST_MATH = YES;
				SDKROOT = iphoneos;
				SWIFT_COMPILATION_MODE = wholemodule;
				SWIFT_OPTIMIZATION_LEVEL = "-O";
				VALIDATE_PRODUCT = YES;
			};
			name = Release;
		};
		3799462121A277D6009EE3F1 /* Debug */ = {
			isa = XCBuildConfiguration;
			buildSettings = {
				ASSETCATALOG_COMPILER_APPICON_NAME = AppIcon;
				CODE_SIGN_STYLE = Automatic;
				DEVELOPMENT_TEAM = GUYPJD4NUE;
				INFOPLIST_FILE = Arcana/Info.plist;
				IPHONEOS_DEPLOYMENT_TARGET = 12.0;
				LD_RUNPATH_SEARCH_PATHS = (
					"$(inherited)",
					"@executable_path/Frameworks",
				);
				PRODUCT_BUNDLE_IDENTIFIER = main.Arcana;
				PRODUCT_NAME = "$(TARGET_NAME)";
				SWIFT_VERSION = 4.2;
				TARGETED_DEVICE_FAMILY = "1,2";
			};
			name = Debug;
		};
		3799462221A277D6009EE3F1 /* Release */ = {
			isa = XCBuildConfiguration;
			buildSettings = {
				ASSETCATALOG_COMPILER_APPICON_NAME = AppIcon;
				CODE_SIGN_STYLE = Automatic;
				DEVELOPMENT_TEAM = GUYPJD4NUE;
				INFOPLIST_FILE = Arcana/Info.plist;
				IPHONEOS_DEPLOYMENT_TARGET = 12.0;
				LD_RUNPATH_SEARCH_PATHS = (
					"$(inherited)",
					"@executable_path/Frameworks",
				);
				PRODUCT_BUNDLE_IDENTIFIER = main.Arcana;
				PRODUCT_NAME = "$(TARGET_NAME)";
				SWIFT_VERSION = 4.2;
				TARGETED_DEVICE_FAMILY = "1,2";
			};
			name = Release;
		};
/* End XCBuildConfiguration section */

/* Begin XCConfigurationList section */
		3799460621A277D6009EE3F1 /* Build configuration list for PBXProject "Arcana" */ = {
			isa = XCConfigurationList;
			buildConfigurations = (
				3799461E21A277D6009EE3F1 /* Debug */,
				3799461F21A277D6009EE3F1 /* Release */,
			);
			defaultConfigurationIsVisible = 0;
			defaultConfigurationName = Release;
		};
		3799462021A277D6009EE3F1 /* Build configuration list for PBXNativeTarget "Arcana" */ = {
			isa = XCConfigurationList;
			buildConfigurations = (
				3799462121A277D6009EE3F1 /* Debug */,
				3799462221A277D6009EE3F1 /* Release */,
			);
			defaultConfigurationIsVisible = 0;
			defaultConfigurationName = Release;
		};
/* End XCConfigurationList section */

/* Begin XCVersionGroup section */
		3799461521A277D6009EE3F1 /* Arcana.xcdatamodeld */ = {
			isa = XCVersionGroup;
			children = (
				3799461621A277D6009EE3F1 /* Arcana.xcdatamodel */,
			);
			currentVersion = 3799461621A277D6009EE3F1 /* Arcana.xcdatamodel */;
			path = Arcana.xcdatamodeld;
			sourceTree = "<group>";
			versionGroupType = wrapper.xcdatamodel;
		};
/* End XCVersionGroup section */
	};
	rootObject = 3799460321A277D6009EE3F1 /* Project object */;
}
